
Microsoft Visual Studio Solution File, Format Version 12.00
# Visual Studio Version 16
VisualStudioVersion = 16.0.30225.117
MinimumVisualStudioVersion = 10.0.40219.1
Project("{FAE04EC0-301F-11D3-BF4B-00C04F79EFBC}") = "KeyboardHook", "SimpleKeyboardHook\KeyboardHook.csproj", "{9B5DBBC3-492C-4301-91E6-72639716C3C0}"
EndProject
Global
	GlobalSection(SolutionConfigurationPlatforms) = preSolution
		Debug|Any CPU = Debug|Any CPU
		Release|Any CPU = Release|Any CPU
	EndGlobalSection
	GlobalSection(ProjectConfigurationPlatforms) = postSolution
		{9B5DBBC3-492C-4301-91E6-72639716C3C0}.Debug|Any CPU.ActiveCfg = Debug|Any CPU
		{9B5DBBC3-492C-4301-91E6-72639716C3C0}.Debug|Any CPU.Build.0 = Debug|Any CPU
		{9B5DBBC3-492C-4301-91E6-72639716C3C0}.Release|Any CPU.ActiveCfg = Release|Any CPU
		{9B5DBBC3-492C-4301-91E6-72639716C3C0}.Release|Any CPU.Build.0 = Release|Any CPU
	EndGlobalSection
	GlobalSection(SolutionProperties) = preSolution
		HideSolutionNode = FALSE
	EndGlobalSection
	GlobalSection(ExtensibilityGlobals) = postSolution
		SolutionGuid = {5D49E96F-E686-4579-8770-D785A2F4E224}
	EndGlobalSection
EndGlobal
